{
  "name": "mowswebsite",
  "version": "1.0.0",
  "lockfileVersion": 3,
  "requires": true,
  "packages": {
    "": {
      "name": "mowswebsite",
      "version": "1.0.0",
      "license": "ISC",
      "dependencies": {
        "@21st-sdk/agent": "^0.0.18",
        "zod": "^4.4.3"
      }
    },
    "node_modules/@21st-sdk/agent": {
      "version": "0.0.18",
      "resolved": "https://registry.npmjs.org/@21st-sdk/agent/-/agent-0.0.18.tgz",
      "integrity": "sha512-jGT0eZymgxFbSv0QZEFOBM+uLpUQG6wGxWwFvjG5nuB7jjCE7W7TrVWIVwM8pHFevuTpFeL3SSiCofoj4Q6mbw==",
      "license": "MIT",
      "dependencies": {
        "@21st-sdk/node": "^0.1.1"
      },
      "peerDependencies": {
        "zod": ">=3.24"
      }
    },
    "node_modules/@21st-sdk/node": {
      "version": "0.1.1",
      "resolved": "https://registry.npmjs.org/@21st-sdk/node/-/node-0.1.1.tgz",
      "integrity": "sha512-DwPAVUVjRdYgIFCFtyWdbOwLWa7zXt/ZLAl85Ij/WapZ1VkMsXl7U+GMwwb4R6RuJ3wurolZvo2NbTD8raBk4g==",
      "license": "MIT"
    },
    "node_modules/zod": {
      "version": "4.4.3",
      "resolved": "https://registry.npmjs.org/zod/-/zod-4.4.3.tgz",
      "integrity": "sha512-ytENFjIJFl2UwYglde2jchW2Hwm4GJFLDiSXWdTrJQBIN9Fcyp7n4DhxJEiWNAJMV1/BqWfW/kkg71UDcHJyTQ==",
      "license": "MIT",
      "peer": true,
      "funding": {
        "url": "https://github.com/sponsors/colinhacks"
      }
    }
  }
}
